{
  "name": "@smalltalk/st3-views",
  "version": "0.1.0",
  "lockfileVersion": 3,
  "requires": true,
  "packages": {
    "": {
      "name": "@smalltalk/st3-views",
      "version": "0.1.0",
      "dependencies": {
        "@smalltalk/st3-client": "file:../st3-client"
      },
      "devDependencies": {
        "typescript": "6.0.3"
      }
    },
    "../st3-client": {
      "name": "@smalltalk/st3-client",
      "version": "0.1.0",
      "devDependencies": {
        "effect": "4.0.0-rc.118",
        "typescript": "6.0.3"
      },
      "peerDependencies": {
        "effect": "4.0.0-rc.118"
      },
      "peerDependenciesMeta": {
        "effect": {
          "optional": true
        }
      }
    },
    "node_modules/@smalltalk/st3-client": {
      "resolved": "../st3-client",
      "link": true
    },
    "node_modules/typescript": {
      "version": "6.0.3",
      "resolved": "https://registry.npmjs.org/typescript/-/typescript-6.0.3.tgz",
      "integrity": "sha512-y2TvuxSZPDyQakkFRPZHKFm+KKVqIisdg9/CZwm9ftvKXLP8NRWj38/ODjNbr43SsoXqNuAisEf1GdCxqWcdBw==",
      "dev": true,
      "license": "Apache-2.0",
      "bin": {
        "tsc": "bin/tsc",
        "tsserver": "bin/tsserver"
      },
      "engines": {
        "node": ">=14.17"
      }
    }
  }
}
